{
  "name": "Mist",
  "version": "0.8.7",
  "dependencies": {
    "ansi-regex": {
      "version": "2.0.0",
      "from": "ansi-regex@>=2.0.0 <3.0.0",
      "resolved": "https://registry.npmjs.org/ansi-regex/-/ansi-regex-2.0.0.tgz"
    },
    "async": {
      "version": "2.1.1",
      "from": "async@2.1.1",
      "resolved": "https://registry.npmjs.org/async/-/async-2.1.1.tgz",
      "dependencies": {
        "lodash": {
          "version": "4.16.4",
          "from": "lodash@4.16.4",
          "resolved": "https://registry.npmjs.org/lodash/-/lodash-4.16.4.tgz"
        }
      }
    },
    "balanced-match": {
      "version": "0.4.2",
      "from": "balanced-match@>=0.4.1 <0.5.0",
      "resolved": "https://registry.npmjs.org/balanced-match/-/balanced-match-0.4.2.tgz"
    },
    "bignumber.js": {
      "version": "2.4.0",
      "from": "bignumber.js@>=2.1.4 <3.0.0",
      "resolved": "https://registry.npmjs.org/bignumber.js/-/bignumber.js-2.4.0.tgz"
    },
    "binary": {
      "version": "0.3.0",
      "from": "binary@0.3.0",
      "resolved": "https://registry.npmjs.org/binary/-/binary-0.3.0.tgz"
    },
    "bindings": {
      "version": "1.2.1",
      "from": "bindings@>=1.2.1 <2.0.0",
      "resolved": "https://registry.npmjs.org/bindings/-/bindings-1.2.1.tgz"
    },
    "bip66": {
      "version": "1.1.4",
      "from": "bip66@>=1.1.3 <2.0.0",
      "resolved": "https://registry.npmjs.org/bip66/-/bip66-1.1.4.tgz"
    },
    "bluebird": {
      "version": "3.4.6",
      "from": "bluebird@>=3.3.5 <4.0.0",
      "resolved": "https://registry.npmjs.org/bluebird/-/bluebird-3.4.6.tgz"
    },
    "bn.js": {
      "version": "4.11.6",
      "from": "bn.js@>=4.10.0 <5.0.0",
      "resolved": "https://registry.npmjs.org/bn.js/-/bn.js-4.11.6.tgz"
    },
    "brace-expansion": {
      "version": "1.1.6",
      "from": "brace-expansion@>=1.0.0 <2.0.0",
      "resolved": "https://registry.npmjs.org/brace-expansion/-/brace-expansion-1.1.6.tgz"
    },
    "brorand": {
      "version": "1.0.6",
      "from": "brorand@>=1.0.1 <2.0.0",
      "resolved": "https://registry.npmjs.org/brorand/-/brorand-1.0.6.tgz"
    },
    "browserify-aes": {
      "version": "1.0.6",
      "from": "browserify-aes@>=1.0.6 <2.0.0",
      "resolved": "https://registry.npmjs.org/browserify-aes/-/browserify-aes-1.0.6.tgz"
    },
    "browserify-sha3": {
      "version": "0.0.1",
      "from": "browserify-sha3@>=0.0.1 <0.0.2",
      "resolved": "https://registry.npmjs.org/browserify-sha3/-/browserify-sha3-0.0.1.tgz"
    },
    "buffer-xor": {
      "version": "1.0.3",
      "from": "buffer-xor@>=1.0.2 <2.0.0",
      "resolved": "https://registry.npmjs.org/buffer-xor/-/buffer-xor-1.0.3.tgz"
    },
    "buffered-spawn": {
      "version": "3.3.2",
      "from": "buffered-spawn@3.3.2",
      "resolved": "https://registry.npmjs.org/buffered-spawn/-/buffered-spawn-3.3.2.tgz"
    },
    "buffers": {
      "version": "0.1.1",
      "from": "buffers@0.1.1",
      "resolved": "https://registry.npmjs.org/buffers/-/buffers-0.1.1.tgz"
    },
    "builtin-modules": {
      "version": "1.1.1",
      "from": "builtin-modules@>=1.0.0 <2.0.0",
      "resolved": "https://registry.npmjs.org/builtin-modules/-/builtin-modules-1.1.1.tgz"
    },
    "camelcase": {
      "version": "3.0.0",
      "from": "camelcase@>=3.0.0 <4.0.0",
      "resolved": "https://registry.npmjs.org/camelcase/-/camelcase-3.0.0.tgz"
    },
    "capture-stack-trace": {
      "version": "1.0.0",
      "from": "capture-stack-trace@>=1.0.0 <2.0.0",
      "resolved": "https://registry.npmjs.org/capture-stack-trace/-/capture-stack-trace-1.0.0.tgz"
    },
    "chainsaw": {
      "version": "0.1.0",
      "from": "chainsaw@0.1.0",
      "resolved": "https://registry.npmjs.org/chainsaw/-/chainsaw-0.1.0.tgz"
    },
    "cipher-base": {
      "version": "1.0.3",
      "from": "cipher-base@>=1.0.1 <2.0.0",
      "resolved": "https://registry.npmjs.org/cipher-base/-/cipher-base-1.0.3.tgz"
    },
    "cliui": {
      "version": "3.2.0",
      "from": "cliui@>=3.2.0 <4.0.0",
      "resolved": "https://registry.npmjs.org/cliui/-/cliui-3.2.0.tgz"
    },
    "code-point-at": {
      "version": "1.0.1",
      "from": "code-point-at@1.0.1",
      "resolved": "https://registry.npmjs.org/code-point-at/-/code-point-at-1.0.1.tgz"
    },
    "colors": {
      "version": "1.1.2",
      "from": "colors@>=1.1.2 <2.0.0",
      "resolved": "https://registry.npmjs.org/colors/-/colors-1.1.2.tgz"
    },
    "concat-map": {
      "version": "0.0.1",
      "from": "concat-map@0.0.1",
      "resolved": "https://registry.npmjs.org/concat-map/-/concat-map-0.0.1.tgz"
    },
    "core-util-is": {
      "version": "1.0.2",
      "from": "core-util-is@>=1.0.0 <1.1.0",
      "resolved": "https://registry.npmjs.org/core-util-is/-/core-util-is-1.0.2.tgz"
    },
    "create-error-class": {
      "version": "3.0.2",
      "from": "create-error-class@>=3.0.0 <4.0.0",
      "resolved": "https://registry.npmjs.org/create-error-class/-/create-error-class-3.0.2.tgz"
    },
    "create-hash": {
      "version": "1.1.2",
      "from": "create-hash@>=1.1.2 <2.0.0",
      "resolved": "https://registry.npmjs.org/create-hash/-/create-hash-1.1.2.tgz"
    },
    "create-hmac": {
      "version": "1.1.4",
      "from": "create-hmac@>=1.1.4 <2.0.0",
      "resolved": "https://registry.npmjs.org/create-hmac/-/create-hmac-1.1.4.tgz"
    },
    "cross-spawn": {
      "version": "4.0.2",
      "from": "cross-spawn@4.0.2",
      "resolved": "https://registry.npmjs.org/cross-spawn/-/cross-spawn-4.0.2.tgz"
    },
    "crypto-js": {
      "version": "3.1.7",
      "from": "crypto-js@3.1.7",
      "resolved": "https://registry.npmjs.org/crypto-js/-/crypto-js-3.1.7.tgz"
    },
    "debug": {
      "version": "2.2.0",
      "from": "debug@>=2.2.0 <3.0.0",
      "resolved": "https://registry.npmjs.org/debug/-/debug-2.2.0.tgz"
    },
    "decamelize": {
      "version": "1.2.0",
      "from": "decamelize@>=1.1.1 <2.0.0",
      "resolved": "https://registry.npmjs.org/decamelize/-/decamelize-1.2.0.tgz"
    },
    "deep-extend": {
      "version": "0.4.1",
      "from": "deep-extend@>=0.4.1 <0.5.0",
      "resolved": "https://registry.npmjs.org/deep-extend/-/deep-extend-0.4.1.tgz"
    },
    "diff": {
      "version": "2.2.3",
      "from": "diff@>=2.2.1 <3.0.0",
      "resolved": "https://registry.npmjs.org/diff/-/diff-2.2.3.tgz"
    },
    "drbg.js": {
      "version": "1.0.1",
      "from": "drbg.js@>=1.0.1 <2.0.0",
      "resolved": "https://registry.npmjs.org/drbg.js/-/drbg.js-1.0.1.tgz"
    },
    "duplexer3": {
      "version": "0.1.4",
      "from": "duplexer3@>=0.1.4 <0.2.0",
      "resolved": "https://registry.npmjs.org/duplexer3/-/duplexer3-0.1.4.tgz"
    },
    "electron-squirrel-startup": {
      "version": "1.0.0",
      "from": "electron-squirrel-startup@>=1.0.0 <2.0.0",
      "resolved": "https://registry.npmjs.org/electron-squirrel-startup/-/electron-squirrel-startup-1.0.0.tgz"
    },
    "elliptic": {
      "version": "6.3.2",
      "from": "elliptic@>=6.2.3 <7.0.0",
      "resolved": "https://registry.npmjs.org/elliptic/-/elliptic-6.3.2.tgz"
    },
    "error-ex": {
      "version": "1.3.0",
      "from": "error-ex@>=1.2.0 <2.0.0",
      "resolved": "https://registry.npmjs.org/error-ex/-/error-ex-1.3.0.tgz"
    },
    "ethereum-client-binaries": {
      "version": "1.4.0",
      "from": "ethereum-client-binaries@1.4.0",
      "resolved": "https://registry.npmjs.org/ethereum-client-binaries/-/ethereum-client-binaries-1.4.0.tgz",
      "dependencies": {
        "tmp": {
          "version": "0.0.29",
          "from": "tmp@0.0.29",
          "resolved": "https://registry.npmjs.org/tmp/-/tmp-0.0.29.tgz"
        }
      }
    },
    "ethereumjs-abi": {
      "version": "0.6.4",
      "from": "ethereumjs-abi@>=0.6.3 <0.7.0",
      "resolved": "https://registry.npmjs.org/ethereumjs-abi/-/ethereumjs-abi-0.6.4.tgz"
    },
    "ethereumjs-util": {
      "version": "4.5.0",
      "from": "ethereumjs-util@>=4.3.0 <5.0.0",
      "resolved": "https://registry.npmjs.org/ethereumjs-util/-/ethereumjs-util-4.5.0.tgz"
    },
    "evp_bytestokey": {
      "version": "1.0.0",
      "from": "evp_bytestokey@>=1.0.0 <2.0.0",
      "resolved": "https://registry.npmjs.org/evp_bytestokey/-/evp_bytestokey-1.0.0.tgz"
    },
    "find-up": {
      "version": "1.1.2",
      "from": "find-up@>=1.0.0 <2.0.0",
      "resolved": "https://registry.npmjs.org/find-up/-/find-up-1.1.2.tgz",
      "dependencies": {
        "path-exists": {
          "version": "2.1.0",
          "from": "path-exists@2.1.0",
          "resolved": "https://registry.npmjs.org/path-exists/-/path-exists-2.1.0.tgz"
        }
      }
    },
    "findup-sync": {
      "version": "0.3.0",
      "from": "findup-sync@>=0.3.0 <0.4.0",
      "resolved": "https://registry.npmjs.org/findup-sync/-/findup-sync-0.3.0.tgz",
      "dependencies": {
        "glob": {
          "version": "5.0.15",
          "from": "glob@>=5.0.0 <5.1.0",
          "resolved": "https://registry.npmjs.org/glob/-/glob-5.0.15.tgz"
        }
      }
    },
    "fs.realpath": {
      "version": "1.0.0",
      "from": "fs.realpath@>=1.0.0 <2.0.0",
      "resolved": "https://registry.npmjs.org/fs.realpath/-/fs.realpath-1.0.0.tgz"
    },
    "fstream": {
      "version": "0.1.31",
      "from": "fstream@0.1.31",
      "resolved": "https://registry.npmjs.org/fstream/-/fstream-0.1.31.tgz"
    },
    "get-caller-file": {
      "version": "1.0.2",
      "from": "get-caller-file@>=1.0.1 <2.0.0",
      "resolved": "https://registry.npmjs.org/get-caller-file/-/get-caller-file-1.0.2.tgz"
    },
    "get-stream": {
      "version": "2.3.1",
      "from": "get-stream@>=2.3.0 <3.0.0",
      "resolved": "https://registry.npmjs.org/get-stream/-/get-stream-2.3.1.tgz",
      "dependencies": {
        "object-assign": {
          "version": "4.1.0",
          "from": "object-assign@4.1.0",
          "resolved": "https://registry.npmjs.org/object-assign/-/object-assign-4.1.0.tgz"
        }
      }
    },
    "glob": {
      "version": "7.1.1",
      "from": "glob@7.1.1",
      "resolved": "https://registry.npmjs.org/glob/-/glob-7.1.1.tgz"
    },
    "got": {
      "version": "6.5.0",
      "from": "got@>=6.3.0 <7.0.0",
      "resolved": "https://registry.npmjs.org/got/-/got-6.5.0.tgz"
    },
    "graceful-fs": {
      "version": "3.0.11",
      "from": "graceful-fs@3.0.11",
      "resolved": "https://registry.npmjs.org/graceful-fs/-/graceful-fs-3.0.11.tgz"
    },
    "hash.js": {
      "version": "1.0.3",
      "from": "hash.js@>=1.0.0 <2.0.0",
      "resolved": "https://registry.npmjs.org/hash.js/-/hash.js-1.0.3.tgz"
    },
    "hosted-git-info": {
      "version": "2.1.5",
      "from": "hosted-git-info@>=2.1.4 <3.0.0",
      "resolved": "https://registry.npmjs.org/hosted-git-info/-/hosted-git-info-2.1.5.tgz"
    },
    "i18next": {
      "version": "2.5.1",
      "from": "i18next@>=2.3.4 <3.0.0",
      "resolved": "https://registry.npmjs.org/i18next/-/i18next-2.5.1.tgz"
    },
    "inflight": {
      "version": "1.0.6",
      "from": "inflight@1.0.6",
      "resolved": "https://registry.npmjs.org/inflight/-/inflight-1.0.6.tgz"
    },
    "inherits": {
      "version": "2.0.3",
      "from": "inherits@>=2.0.1 <3.0.0",
      "resolved": "https://registry.npmjs.org/inherits/-/inherits-2.0.3.tgz"
    },
    "invert-kv": {
      "version": "1.0.0",
      "from": "invert-kv@>=1.0.0 <2.0.0",
      "resolved": "https://registry.npmjs.org/invert-kv/-/invert-kv-1.0.0.tgz"
    },
    "is-arrayish": {
      "version": "0.2.1",
      "from": "is-arrayish@>=0.2.1 <0.3.0",
      "resolved": "https://registry.npmjs.org/is-arrayish/-/is-arrayish-0.2.1.tgz"
    },
    "is-builtin-module": {
      "version": "1.0.0",
      "from": "is-builtin-module@>=1.0.0 <2.0.0",
      "resolved": "https://registry.npmjs.org/is-builtin-module/-/is-builtin-module-1.0.0.tgz"
    },
    "is-fullwidth-code-point": {
      "version": "1.0.0",
      "from": "is-fullwidth-code-point@>=1.0.0 <2.0.0",
      "resolved": "https://registry.npmjs.org/is-fullwidth-code-point/-/is-fullwidth-code-point-1.0.0.tgz"
    },
    "is-redirect": {
      "version": "1.0.0",
      "from": "is-redirect@>=1.0.0 <2.0.0",
      "resolved": "https://registry.npmjs.org/is-redirect/-/is-redirect-1.0.0.tgz"
    },
    "is-retry-allowed": {
      "version": "1.1.0",
      "from": "is-retry-allowed@>=1.0.0 <2.0.0",
      "resolved": "https://registry.npmjs.org/is-retry-allowed/-/is-retry-allowed-1.1.0.tgz"
    },
    "is-stream": {
      "version": "1.1.0",
      "from": "is-stream@>=1.0.0 <2.0.0",
      "resolved": "https://registry.npmjs.org/is-stream/-/is-stream-1.1.0.tgz"
    },
    "is-utf8": {
      "version": "0.2.1",
      "from": "is-utf8@>=0.2.0 <0.3.0",
      "resolved": "https://registry.npmjs.org/is-utf8/-/is-utf8-0.2.1.tgz"
    },
    "isexe": {
      "version": "1.1.2",
      "from": "isexe@>=1.1.1 <2.0.0",
      "resolved": "https://registry.npmjs.org/isexe/-/isexe-1.1.2.tgz"
    },
    "js-sha3": {
      "version": "0.3.1",
      "from": "js-sha3@>=0.3.1 <0.4.0",
      "resolved": "https://registry.npmjs.org/js-sha3/-/js-sha3-0.3.1.tgz"
    },
    "keccakjs": {
      "version": "0.2.1",
      "from": "keccakjs@>=0.2.0 <0.3.0",
      "resolved": "https://registry.npmjs.org/keccakjs/-/keccakjs-0.2.1.tgz"
    },
    "lcid": {
      "version": "1.0.0",
      "from": "lcid@>=1.0.0 <2.0.0",
      "resolved": "https://registry.npmjs.org/lcid/-/lcid-1.0.0.tgz"
    },
    "load-json-file": {
      "version": "1.1.0",
      "from": "load-json-file@>=1.0.0 <2.0.0",
      "resolved": "https://registry.npmjs.org/load-json-file/-/load-json-file-1.1.0.tgz",
      "dependencies": {
        "graceful-fs": {
          "version": "4.1.9",
          "from": "graceful-fs@4.1.9",
          "resolved": "https://registry.npmjs.org/graceful-fs/-/graceful-fs-4.1.9.tgz"
        },
        "strip-bom": {
          "version": "2.0.0",
          "from": "strip-bom@2.0.0",
          "resolved": "https://registry.npmjs.org/strip-bom/-/strip-bom-2.0.0.tgz"
        }
      }
    },
    "lodash.assign": {
      "version": "4.2.0",
      "from": "lodash.assign@>=4.0.3 <5.0.0",
      "resolved": "https://registry.npmjs.org/lodash.assign/-/lodash.assign-4.2.0.tgz"
    },
    "lodash.get": {
      "version": "4.4.2",
      "from": "lodash.get@4.4.2",
      "resolved": "https://registry.npmjs.org/lodash.get/-/lodash.get-4.4.2.tgz"
    },
    "lodash.isempty": {
      "version": "4.4.0",
      "from": "lodash.isempty@>=4.2.1 <5.0.0",
      "resolved": "https://registry.npmjs.org/lodash.isempty/-/lodash.isempty-4.4.0.tgz"
    },
    "lodash.values": {
      "version": "4.3.0",
      "from": "lodash.values@4.3.0",
      "resolved": "https://registry.npmjs.org/lodash.values/-/lodash.values-4.3.0.tgz"
    },
    "log-rotate": {
      "version": "0.2.7",
      "from": "log-rotate@>=0.2.7 <0.3.0",
      "resolved": "https://registry.npmjs.org/log-rotate/-/log-rotate-0.2.7.tgz"
    },
    "log4js": {
      "version": "0.6.38",
      "from": "log4js@>=0.6.35 <0.7.0",
      "resolved": "https://registry.npmjs.org/log4js/-/log4js-0.6.38.tgz",
      "dependencies": {
        "isarray": {
          "version": "0.0.1",
          "from": "isarray@0.0.1",
          "resolved": "http://registry.npmjs.org/isarray/-/isarray-0.0.1.tgz"
        },
        "readable-stream": {
          "version": "1.0.34",
          "from": "readable-stream@1.0.34",
          "resolved": "https://registry.npmjs.org/readable-stream/-/readable-stream-1.0.34.tgz"
        },
        "semver": {
          "version": "4.3.6",
          "from": "semver@>=4.3.3 <4.4.0",
          "resolved": "https://registry.npmjs.org/semver/-/semver-4.3.6.tgz"
        }
      }
    },
    "lokijs": {
      "version": "1.4.1",
      "from": "lokijs@>=1.4.1 <2.0.0",
      "resolved": "https://registry.npmjs.org/lokijs/-/lokijs-1.4.1.tgz"
    },
    "lowercase-keys": {
      "version": "1.0.0",
      "from": "lowercase-keys@>=1.0.0 <2.0.0",
      "resolved": "https://registry.npmjs.org/lowercase-keys/-/lowercase-keys-1.0.0.tgz"
    },
    "lru-cache": {
      "version": "4.0.1",
      "from": "lru-cache@>=4.0.0 <5.0.0",
      "resolved": "https://registry.npmjs.org/lru-cache/-/lru-cache-4.0.1.tgz"
    },
    "match-stream": {
      "version": "0.0.2",
      "from": "match-stream@0.0.2",
      "resolved": "https://registry.npmjs.org/match-stream/-/match-stream-0.0.2.tgz",
      "dependencies": {
        "isarray": {
          "version": "0.0.1",
          "from": "isarray@0.0.1",
          "resolved": "http://registry.npmjs.org/isarray/-/isarray-0.0.1.tgz"
        },
        "readable-stream": {
          "version": "1.0.34",
          "from": "readable-stream@1.0.34",
          "resolved": "https://registry.npmjs.org/readable-stream/-/readable-stream-1.0.34.tgz"
        }
      }
    },
    "memorystream": {
      "version": "0.3.1",
      "from": "memorystream@>=0.3.1 <0.4.0",
      "resolved": "https://registry.npmjs.org/memorystream/-/memorystream-0.3.1.tgz"
    },
    "minimatch": {
      "version": "3.0.3",
      "from": "minimatch@>=2.0.0 <3.0.0||>=3.0.0 <4.0.0",
      "resolved": "https://registry.npmjs.org/minimatch/-/minimatch-3.0.3.tgz"
    },
    "minimist": {
      "version": "1.2.0",
      "from": "minimist@>=1.1.3 <2.0.0",
      "resolved": "https://registry.npmjs.org/minimist/-/minimist-1.2.0.tgz"
    },
    "minimongo-standalone": {
      "version": "0.0.9",
      "from": "minimongo-standalone@0.0.9",
      "resolved": "https://registry.npmjs.org/minimongo-standalone/-/minimongo-standalone-0.0.9.tgz"
    },
    "mkdirp": {
      "version": "0.5.1",
      "from": "mkdirp@>=0.5.0 <0.6.0",
      "resolved": "https://registry.npmjs.org/mkdirp/-/mkdirp-0.5.1.tgz",
      "dependencies": {
        "minimist": {
          "version": "0.0.8",
          "from": "minimist@0.0.8",
          "resolved": "https://registry.npmjs.org/minimist/-/minimist-0.0.8.tgz"
        }
      }
    },
    "ms": {
      "version": "0.7.1",
      "from": "ms@0.7.1",
      "resolved": "https://registry.npmjs.org/ms/-/ms-0.7.1.tgz"
    },
    "nan": {
      "version": "2.4.0",
      "from": "nan@>=2.0.5 <3.0.0",
      "resolved": "https://registry.npmjs.org/nan/-/nan-2.4.0.tgz"
    },
    "natives": {
      "version": "1.1.0",
      "from": "natives@>=1.1.0 <2.0.0",
      "resolved": "https://registry.npmjs.org/natives/-/natives-1.1.0.tgz"
    },
    "node-status-codes": {
      "version": "2.0.1",
      "from": "node-status-codes@2.0.1",
      "resolved": "https://registry.npmjs.org/node-status-codes/-/node-status-codes-2.0.1.tgz"
    },
    "normalize-package-data": {
      "version": "2.3.5",
      "from": "normalize-package-data@>=2.3.2 <3.0.0",
      "resolved": "https://registry.npmjs.org/normalize-package-data/-/normalize-package-data-2.3.5.tgz"
    },
    "number-is-nan": {
      "version": "1.0.1",
      "from": "number-is-nan@1.0.1",
      "resolved": "https://registry.npmjs.org/number-is-nan/-/number-is-nan-1.0.1.tgz"
    },
    "numeral": {
      "version": "1.5.3",
      "from": "numeral@>=1.5.3 <2.0.0",
      "resolved": "https://registry.npmjs.org/numeral/-/numeral-1.5.3.tgz"
    },
    "once": {
      "version": "1.4.0",
      "from": "once@>=1.3.0 <2.0.0",
      "resolved": "https://registry.npmjs.org/once/-/once-1.4.0.tgz"
    },
    "optimist": {
      "version": "0.6.1",
      "from": "optimist@0.6.1",
      "resolved": "https://registry.npmjs.org/optimist/-/optimist-0.6.1.tgz",
      "dependencies": {
        "minimist": {
          "version": "0.0.10",
          "from": "minimist@>=0.0.1 <0.1.0",
          "resolved": "https://registry.npmjs.org/minimist/-/minimist-0.0.10.tgz"
        }
      }
    },
    "os-locale": {
      "version": "1.4.0",
      "from": "os-locale@>=1.4.0 <2.0.0",
      "resolved": "https://registry.npmjs.org/os-locale/-/os-locale-1.4.0.tgz"
    },
    "os-timesync": {
      "version": "1.0.6",
      "from": "os-timesync@>=1.0.6 <2.0.0",
      "resolved": "https://registry.npmjs.org/os-timesync/-/os-timesync-1.0.6.tgz"
    },
    "os-tmpdir": {
      "version": "1.0.2",
      "from": "os-tmpdir@>=1.0.0 <2.0.0",
      "resolved": "https://registry.npmjs.org/os-tmpdir/-/os-tmpdir-1.0.2.tgz"
    },
    "over": {
      "version": "0.0.5",
      "from": "over@0.0.5",
      "resolved": "https://registry.npmjs.org/over/-/over-0.0.5.tgz"
    },
    "parse-json": {
      "version": "2.2.0",
      "from": "parse-json@>=2.2.0 <3.0.0",
      "resolved": "https://registry.npmjs.org/parse-json/-/parse-json-2.2.0.tgz"
    },
    "path-is-absolute": {
      "version": "1.0.1",
      "from": "path-is-absolute@1.0.1",
      "resolved": "https://registry.npmjs.org/path-is-absolute/-/path-is-absolute-1.0.1.tgz"
    },
    "path-type": {
      "version": "1.1.0",
      "from": "path-type@>=1.0.0 <2.0.0",
      "resolved": "https://registry.npmjs.org/path-type/-/path-type-1.1.0.tgz",
      "dependencies": {
        "graceful-fs": {
          "version": "4.1.9",
          "from": "graceful-fs@4.1.9",
          "resolved": "https://registry.npmjs.org/graceful-fs/-/graceful-fs-4.1.9.tgz"
        }
      }
    },
    "pify": {
      "version": "2.3.0",
      "from": "pify@>=2.0.0 <3.0.0",
      "resolved": "https://registry.npmjs.org/pify/-/pify-2.3.0.tgz"
    },
    "pinkie": {
      "version": "2.0.4",
      "from": "pinkie@>=2.0.0 <3.0.0",
      "resolved": "https://registry.npmjs.org/pinkie/-/pinkie-2.0.4.tgz"
    },
    "pinkie-promise": {
      "version": "2.0.1",
      "from": "pinkie-promise@>=2.0.0 <3.0.0",
      "resolved": "https://registry.npmjs.org/pinkie-promise/-/pinkie-promise-2.0.1.tgz"
    },
    "prepend-http": {
      "version": "1.0.4",
      "from": "prepend-http@>=1.0.1 <2.0.0",
      "resolved": "https://registry.npmjs.org/prepend-http/-/prepend-http-1.0.4.tgz"
    },
    "pseudomap": {
      "version": "1.0.2",
      "from": "pseudomap@>=1.0.1 <2.0.0",
      "resolved": "https://registry.npmjs.org/pseudomap/-/pseudomap-1.0.2.tgz"
    },
    "pullstream": {
      "version": "0.4.1",
      "from": "pullstream@0.4.1",
      "resolved": "https://registry.npmjs.org/pullstream/-/pullstream-0.4.1.tgz",
      "dependencies": {
        "isarray": {
          "version": "0.0.1",
          "from": "isarray@0.0.1",
          "resolved": "http://registry.npmjs.org/isarray/-/isarray-0.0.1.tgz"
        },
        "readable-stream": {
          "version": "1.0.34",
          "from": "readable-stream@1.0.34",
          "resolved": "https://registry.npmjs.org/readable-stream/-/readable-stream-1.0.34.tgz"
        }
      }
    },
    "read-pkg": {
      "version": "1.1.0",
      "from": "read-pkg@>=1.0.0 <2.0.0",
      "resolved": "https://registry.npmjs.org/read-pkg/-/read-pkg-1.1.0.tgz"
    },
    "read-pkg-up": {
      "version": "1.0.1",
      "from": "read-pkg-up@>=1.0.1 <2.0.0",
      "resolved": "https://registry.npmjs.org/read-pkg-up/-/read-pkg-up-1.0.1.tgz"
    },
    "require-directory": {
      "version": "2.1.1",
      "from": "require-directory@>=2.1.1 <3.0.0",
      "resolved": "https://registry.npmjs.org/require-directory/-/require-directory-2.1.1.tgz"
    },
    "require-from-string": {
      "version": "1.2.1",
      "from": "require-from-string@1.2.1",
      "resolved": "https://registry.npmjs.org/require-from-string/-/require-from-string-1.2.1.tgz"
    },
    "require-main-filename": {
      "version": "1.0.1",
      "from": "require-main-filename@>=1.0.1 <2.0.0",
      "resolved": "https://registry.npmjs.org/require-main-filename/-/require-main-filename-1.0.1.tgz"
    },
    "resolve": {
      "version": "1.1.7",
      "from": "resolve@>=1.1.7 <2.0.0",
      "resolved": "https://registry.npmjs.org/resolve/-/resolve-1.1.7.tgz"
    },
    "rimraf": {
      "version": "2.5.4",
      "from": "rimraf@>=2.2.8 <3.0.0",
      "resolved": "https://registry.npmjs.org/rimraf/-/rimraf-2.5.4.tgz"
    },
    "ripemd160": {
      "version": "1.0.1",
      "from": "ripemd160@>=1.0.0 <2.0.0",
      "resolved": "https://registry.npmjs.org/ripemd160/-/ripemd160-1.0.1.tgz"
    },
    "rlp": {
      "version": "2.0.0",
      "from": "rlp@>=2.0.0 <3.0.0",
      "resolved": "https://registry.npmjs.org/rlp/-/rlp-2.0.0.tgz"
    },
    "secp256k1": {
      "version": "3.2.0",
      "from": "secp256k1@>=3.0.1 <4.0.0",
      "resolved": "https://registry.npmjs.org/secp256k1/-/secp256k1-3.2.0.tgz"
    },
    "semver": {
      "version": "5.3.0",
      "from": "semver@>=5.1.0 <6.0.0",
      "resolved": "https://registry.npmjs.org/semver/-/semver-5.3.0.tgz"
    },
    "set-blocking": {
      "version": "2.0.0",
      "from": "set-blocking@>=2.0.0 <3.0.0",
      "resolved": "https://registry.npmjs.org/set-blocking/-/set-blocking-2.0.0.tgz"
    },
    "setimmediate": {
      "version": "1.0.5",
      "from": "setimmediate@1.0.5",
      "resolved": "https://registry.npmjs.org/setimmediate/-/setimmediate-1.0.5.tgz"
    },
    "sha.js": {
      "version": "2.4.5",
      "from": "sha.js@>=2.3.6 <3.0.0",
      "resolved": "https://registry.npmjs.org/sha.js/-/sha.js-2.4.5.tgz"
    },
    "sha3": {
      "version": "1.2.0",
      "from": "sha3@>=1.1.0 <2.0.0",
      "resolved": "https://registry.npmjs.org/sha3/-/sha3-1.2.0.tgz"
    },
    "slice-stream": {
      "version": "1.0.0",
      "from": "slice-stream@1.0.0",
      "resolved": "https://registry.npmjs.org/slice-stream/-/slice-stream-1.0.0.tgz",
      "dependencies": {
        "isarray": {
          "version": "0.0.1",
          "from": "isarray@0.0.1",
          "resolved": "http://registry.npmjs.org/isarray/-/isarray-0.0.1.tgz"
        },
        "readable-stream": {
          "version": "1.0.34",
          "from": "readable-stream@1.0.34",
          "resolved": "https://registry.npmjs.org/readable-stream/-/readable-stream-1.0.34.tgz"
        }
      }
    },
    "solc": {
      "version": "0.4.2",
      "from": "solc@0.4.2",
      "resolved": "https://registry.npmjs.org/solc/-/solc-0.4.2.tgz"
    },
    "spdx-correct": {
      "version": "1.0.2",
      "from": "spdx-correct@>=1.0.0 <1.1.0",
      "resolved": "https://registry.npmjs.org/spdx-correct/-/spdx-correct-1.0.2.tgz"
    },
    "spdx-expression-parse": {
      "version": "1.0.4",
      "from": "spdx-expression-parse@1.0.4",
      "resolved": "https://registry.npmjs.org/spdx-expression-parse/-/spdx-expression-parse-1.0.4.tgz"
    },
    "spdx-license-ids": {
      "version": "1.2.2",
      "from": "spdx-license-ids@>=1.0.2 <2.0.0",
      "resolved": "https://registry.npmjs.org/spdx-license-ids/-/spdx-license-ids-1.2.2.tgz"
    },
    "sprintf-js": {
      "version": "1.0.3",
      "from": "sprintf-js@>=1.0.3 <2.0.0",
      "resolved": "https://registry.npmjs.org/sprintf-js/-/sprintf-js-1.0.3.tgz"
    },
    "string_decoder": {
      "version": "0.10.31",
      "from": "string_decoder@>=0.10.0 <0.11.0",
      "resolved": "https://registry.npmjs.org/string_decoder/-/string_decoder-0.10.31.tgz"
    },
    "string-width": {
      "version": "1.0.2",
      "from": "string-width@>=1.0.1 <2.0.0",
      "resolved": "https://registry.npmjs.org/string-width/-/string-width-1.0.2.tgz"
    },
    "strip-ansi": {
      "version": "3.0.1",
      "from": "strip-ansi@>=3.0.1 <4.0.0",
      "resolved": "https://registry.npmjs.org/strip-ansi/-/strip-ansi-3.0.1.tgz"
    },
    "timed-out": {
      "version": "2.0.0",
      "from": "timed-out@>=2.0.0 <3.0.0",
      "resolved": "https://registry.npmjs.org/timed-out/-/timed-out-2.0.0.tgz"
    },
    "traverse": {
      "version": "0.3.9",
      "from": "traverse@0.3.9",
      "resolved": "https://registry.npmjs.org/traverse/-/traverse-0.3.9.tgz"
    },
    "tslint": {
      "version": "3.15.1",
      "from": "tslint@>=3.15.1 <4.0.0",
      "resolved": "https://registry.npmjs.org/tslint/-/tslint-3.15.1.tgz"
    },
    "typescript": {
      "version": "1.8.10",
      "from": "typescript@>=1.7.3 <2.0.0",
      "resolved": "https://registry.npmjs.org/typescript/-/typescript-1.8.10.tgz"
    },
    "underscore": {
      "version": "1.8.3",
      "from": "underscore@>=1.8.3 <2.0.0",
      "resolved": "https://registry.npmjs.org/underscore/-/underscore-1.8.3.tgz"
    },
    "underscore.string": {
      "version": "3.3.4",
      "from": "underscore.string@>=3.3.4 <4.0.0",
      "resolved": "https://registry.npmjs.org/underscore.string/-/underscore.string-3.3.4.tgz"
    },
    "unzip": {
      "version": "0.1.11",
      "from": "unzip@0.1.11",
      "resolved": "https://registry.npmjs.org/unzip/-/unzip-0.1.11.tgz",
      "dependencies": {
        "isarray": {
          "version": "0.0.1",
          "from": "isarray@0.0.1",
          "resolved": "http://registry.npmjs.org/isarray/-/isarray-0.0.1.tgz"
        },
        "readable-stream": {
          "version": "1.0.34",
          "from": "readable-stream@1.0.34",
          "resolved": "https://registry.npmjs.org/readable-stream/-/readable-stream-1.0.34.tgz"
        }
      }
    },
    "unzip-response": {
      "version": "2.0.1",
      "from": "unzip-response@>=2.0.1 <3.0.0",
      "resolved": "https://registry.npmjs.org/unzip-response/-/unzip-response-2.0.1.tgz"
    },
    "url-parse-lax": {
      "version": "1.0.0",
      "from": "url-parse-lax@>=1.0.0 <2.0.0",
      "resolved": "https://registry.npmjs.org/url-parse-lax/-/url-parse-lax-1.0.0.tgz"
    },
    "utf8": {
      "version": "2.1.1",
      "from": "utf8@>=2.1.1 <3.0.0",
      "resolved": "https://registry.npmjs.org/utf8/-/utf8-2.1.1.tgz"
    },
    "util-deprecate": {
      "version": "1.0.2",
      "from": "util-deprecate@>=1.0.2 <2.0.0",
      "resolved": "https://registry.npmjs.org/util-deprecate/-/util-deprecate-1.0.2.tgz"
    },
    "uuid": {
      "version": "2.0.3",
      "from": "uuid@>=2.0.2 <3.0.0",
      "resolved": "https://registry.npmjs.org/uuid/-/uuid-2.0.3.tgz"
    },
    "validate-npm-package-license": {
      "version": "3.0.1",
      "from": "validate-npm-package-license@>=3.0.1 <4.0.0",
      "resolved": "https://registry.npmjs.org/validate-npm-package-license/-/validate-npm-package-license-3.0.1.tgz"
    },
    "web3": {
      "version": "0.17.0-beta",
      "from": "web3@>=0.17.0-alpha <0.18.0",
      "resolved": "https://registry.npmjs.org/web3/-/web3-0.17.0-beta.tgz",
      "dependencies": {
        "bignumber.js": {
          "version": "2.0.7",
          "from": "git+https://github.com/debris/bignumber.js.git#94d7146671b9719e00a09c29b01a691bc85048c2",
          "resolved": "git+https://github.com/debris/bignumber.js.git#94d7146671b9719e00a09c29b01a691bc85048c2"
        }
      }
    },
    "which": {
      "version": "1.2.11",
      "from": "which@>=1.2.8 <2.0.0",
      "resolved": "https://registry.npmjs.org/which/-/which-1.2.11.tgz"
    },
    "which-module": {
      "version": "1.0.0",
      "from": "which-module@>=1.0.0 <2.0.0",
      "resolved": "https://registry.npmjs.org/which-module/-/which-module-1.0.0.tgz"
    },
    "window-size": {
      "version": "0.2.0",
      "from": "window-size@>=0.2.0 <0.3.0",
      "resolved": "https://registry.npmjs.org/window-size/-/window-size-0.2.0.tgz"
    },
    "wordwrap": {
      "version": "0.0.3",
      "from": "wordwrap@>=0.0.2 <0.1.0",
      "resolved": "https://registry.npmjs.org/wordwrap/-/wordwrap-0.0.3.tgz"
    },
    "wrap-ansi": {
      "version": "2.0.0",
      "from": "wrap-ansi@>=2.0.0 <3.0.0",
      "resolved": "https://registry.npmjs.org/wrap-ansi/-/wrap-ansi-2.0.0.tgz"
    },
    "wrappy": {
      "version": "1.0.2",
      "from": "wrappy@>=1.0.0 <2.0.0",
      "resolved": "https://registry.npmjs.org/wrappy/-/wrappy-1.0.2.tgz"
    },
    "xmlhttprequest": {
      "version": "1.8.0",
      "from": "xmlhttprequest@*",
      "resolved": "https://registry.npmjs.org/xmlhttprequest/-/xmlhttprequest-1.8.0.tgz"
    },
    "y18n": {
      "version": "3.2.1",
      "from": "y18n@>=3.2.1 <4.0.0",
      "resolved": "https://registry.npmjs.org/y18n/-/y18n-3.2.1.tgz"
    },
    "yallist": {
      "version": "2.0.0",
      "from": "yallist@>=2.0.0 <3.0.0",
      "resolved": "https://registry.npmjs.org/yallist/-/yallist-2.0.0.tgz"
    },
    "yargs": {
      "version": "4.8.1",
      "from": "yargs@>=4.3.1 <5.0.0",
      "resolved": "https://registry.npmjs.org/yargs/-/yargs-4.8.1.tgz"
    },
    "yargs-parser": {
      "version": "2.4.1",
      "from": "yargs-parser@>=2.4.1 <3.0.0",
      "resolved": "https://registry.npmjs.org/yargs-parser/-/yargs-parser-2.4.1.tgz"
    }
  }
}
