{
  "name": "Mist",
  "version": "0.9.3",
  "lockfileVersion": 1,
  "requires": true,
  "dependencies": {
    "101": {
      "version": "1.6.2",
      "resolved": "https://registry.npmjs.org/101/-/101-1.6.2.tgz",
      "integrity": "sha1-Q8tR2xpABEPeKSnsnHiBRNVrV+g=",
      "requires": {
        "clone": "1.0.3",
        "deep-eql": "0.1.3",
        "keypather": "1.10.2"
      }
    },
    "assert-args": {
      "version": "1.2.1",
      "resolved": "https://registry.npmjs.org/assert-args/-/assert-args-1.2.1.tgz",
      "integrity": "sha1-QEEDoUUqMv53iYgR5U5ZCoqTc70=",
      "requires": {
        "101": "1.6.2",
        "compound-subject": "0.0.1",
        "debug": "2.6.9",
        "get-prototype-of": "0.0.0",
        "is-capitalized": "1.0.0",
        "is-class": "0.0.4"
      }
    },
    "babel-runtime": {
      "version": "6.26.0",
      "resolved": "https://registry.npmjs.org/babel-runtime/-/babel-runtime-6.26.0.tgz",
      "integrity": "sha1-llxwWGaOgrVde/4E/yM3vItWR/4=",
      "requires": {
        "core-js": "2.5.3",
        "regenerator-runtime": "0.11.1"
      }
    },
    "circular-json": {
      "version": "0.3.3",
      "resolved": "https://registry.npmjs.org/circular-json/-/circular-json-0.3.3.tgz",
      "integrity": "sha512-UZK3NBx2Mca+b5LsG7bY183pHWt5Y1xts4P3Pz7ENTwGVnJOUWbRb3ocjvX7hx9tq/yTAdclXm9sZ38gNuem4A=="
    },
    "clone": {
      "version": "1.0.3",
      "resolved": "https://registry.npmjs.org/clone/-/clone-1.0.3.tgz",
      "integrity": "sha1-KY1+IjFmD0DAA8LtMUDezz9TCF8="
    },
    "compound-subject": {
      "version": "0.0.1",
      "resolved": "https://registry.npmjs.org/compound-subject/-/compound-subject-0.0.1.tgz",
      "integrity": "sha1-JxVUaYoVrmCLHfyv0wt7oeqJLEs="
    },
    "core-js": {
      "version": "2.5.3",
      "resolved": "https://registry.npmjs.org/core-js/-/core-js-2.5.3.tgz",
      "integrity": "sha1-isw4NFgk8W2DZbfJtCWRaOjtYD4="
    },
    "debug": {
      "version": "2.6.9",
      "resolved": "https://registry.npmjs.org/debug/-/debug-2.6.9.tgz",
      "integrity": "sha512-bC7ElrdJaJnPbAP+1EotYvqZsb3ecl5wi6Bfi6BJTUcNowp6cvspg0jXznRTKDjm/E7AdgFBVeAPVMNcKGsHMA==",
      "requires": {
        "ms": "2.0.0"
      }
    },
    "deep-eql": {
      "version": "0.1.3",
      "resolved": "https://registry.npmjs.org/deep-eql/-/deep-eql-0.1.3.tgz",
      "integrity": "sha1-71WKyrjeJSBs1xOQbXTlaTDrafI=",
      "requires": {
        "type-detect": "0.1.1"
      }
    },
    "eventemitter3": {
      "version": "2.0.3",
      "resolved": "https://registry.npmjs.org/eventemitter3/-/eventemitter3-2.0.3.tgz",
      "integrity": "sha1-teEHm1n7XhuidxwKmTvgYKWMmbo="
    },
    "get-prototype-of": {
      "version": "0.0.0",
      "resolved": "https://registry.npmjs.org/get-prototype-of/-/get-prototype-of-0.0.0.tgz",
      "integrity": "sha1-mHcr0QcW0W3rSzIlFsRp78oorEQ="
    },
    "is-capitalized": {
      "version": "1.0.0",
      "resolved": "https://registry.npmjs.org/is-capitalized/-/is-capitalized-1.0.0.tgz",
      "integrity": "sha1-TIRktNkdPk7rRIid0s2PGwrEwTY="
    },
    "is-class": {
      "version": "0.0.4",
      "resolved": "https://registry.npmjs.org/is-class/-/is-class-0.0.4.tgz",
      "integrity": "sha1-4FdFFwW7NOOePjNZjJOpg3KWtzY="
    },
    "keypather": {
      "version": "1.10.2",
      "resolved": "https://registry.npmjs.org/keypather/-/keypather-1.10.2.tgz",
      "integrity": "sha1-4ESWMtSz5RbyHMAUznxWRP3c5hQ=",
      "requires": {
        "101": "1.6.2"
      }
    },
    "ms": {
      "version": "2.0.0",
      "resolved": "https://registry.npmjs.org/ms/-/ms-2.0.0.tgz",
      "integrity": "sha1-VgiurfwAvmwpAd9fmGF4jeDVl8g="
    },
    "qaap-uws": {
      "version": "9.14.3",
      "resolved": "https://registry.npmjs.org/qaap-uws/-/qaap-uws-9.14.3.tgz",
      "integrity": "sha512-XsGeUbvw2Hm4+eqT13Lj9xCtuaGSt1KVH9PWGv9JPddJ4A/tdMGj+F6o1g5h8ksRMietVzzVZUS21Bg7uEGllA=="
    },
    "regenerator-runtime": {
      "version": "0.11.1",
      "resolved": "https://registry.npmjs.org/regenerator-runtime/-/regenerator-runtime-0.11.1.tgz",
      "integrity": "sha512-MguG95oij0fC3QV3URf4V2SDYGJhJnJGqvIIgdECeODCT98wSWDAJ94SSuVpYQUoTcGUIL6L4yNB7j1DFFHSBg=="
    },
    "rpc-websockets": {
      "version": "3.6.0",
      "resolved": "https://registry.npmjs.org/rpc-websockets/-/rpc-websockets-3.6.0.tgz",
      "integrity": "sha512-JgBjIf6qMDUqHT+Lbhy5fBsAXOamOeDJKv4b4lyHF+LBJSgDbLO7DgtDlfIHbZsvofVxyWRr19d7t8MDXJ2xOg==",
      "requires": {
        "assert-args": "1.2.1",
        "babel-runtime": "6.26.0",
        "circular-json": "0.3.3",
        "eventemitter3": "2.0.3",
        "qaap-uws": "9.14.3",
        "uuid": "3.1.0"
      },
      "dependencies": {
        "uuid": {
          "version": "3.1.0",
          "resolved": "https://registry.npmjs.org/uuid/-/uuid-3.1.0.tgz",
          "integrity": "sha512-DIWtzUkw04M4k3bf1IcpS2tngXEL26YUD2M0tMDUpnUrz2hgzUBlD55a4FjdLGPvfHxS6uluGWvaVEqgBcVa+g=="
        }
      }
    },
    "type-detect": {
      "version": "0.1.1",
      "resolved": "https://registry.npmjs.org/type-detect/-/type-detect-0.1.1.tgz",
      "integrity": "sha1-C6XsKohWQORw6k6FBZcZANrFiCI="
    }
  }
}
