# THIS IS AN AUTOGENERATED FILE. DO NOT EDIT THIS FILE DIRECTLY.
# yarn lockfile v1


"@babel/runtime@^7.0.0-beta.42":
  version "7.0.0-beta.42"
  resolved "https://registry.yarnpkg.com/@babel/runtime/-/runtime-7.0.0-beta.42.tgz#352e40c92e0460d3e82f49bd7e79f6cda76f919f"
  dependencies:
    core-js "^2.5.3"
    regenerator-runtime "^0.11.1"

core-js@^2.5.3:
  version "2.5.3"
  resolved "https://registry.yarnpkg.com/core-js/-/core-js-2.5.3.tgz#8acc38345824f16d8365b7c9b4259168e8ed603e"

regenerator-runtime@^0.11.1:
  version "0.11.1"
  resolved "https://registry.yarnpkg.com/regenerator-runtime/-/regenerator-runtime-0.11.1.tgz#be05ad7f9bf7d22e056f9726cee5017fbf19e2e9"
