# THIS IS AN AUTOGENERATED FILE. DO NOT EDIT THIS FILE DIRECTLY.
# yarn lockfile v1


babel-runtime@^6.18.0:
  version "6.25.0"
  resolved "https://registry.yarnpkg.com/babel-runtime/-/babel-runtime-6.25.0.tgz#33b98eaa5d482bb01a8d1aa6b437ad2b01aec41c"
  dependencies:
    core-js "^2.4.0"
    regenerator-runtime "^0.10.0"

core-js@^2.4.0:
  version "2.5.0"
  resolved "https://registry.yarnpkg.com/core-js/-/core-js-2.5.0.tgz#569c050918be6486b3837552028ae0466b717086"

regenerator-runtime@^0.10.0:
  version "0.10.5"
  resolved "https://registry.yarnpkg.com/regenerator-runtime/-/regenerator-runtime-0.10.5.tgz#336c3efc1220adcedda2c9fab67b5a7955a33658"
